
Microsoft Visual Studio Solution File, Format Version 12.00
# Visual Studio Version 17
VisualStudioVersion = 17.5.33424.131
MinimumVisualStudioVersion = 10.0.40219.1
Project("{FAE04EC0-301F-11D3-BF4B-00C04F79EFBC}") = "Hastane_Randevu_Otomasyonu", "Hastane_Randevu_Otomasyonu.csproj", "{745F827B-26FB-46DA-9C60-8CE6AC12FA32}"
EndProject
Global
	GlobalSection(SolutionConfigurationPlatforms) = preSolution
		Debug|Any CPU = Debug|Any CPU
		Release|Any CPU = Release|Any CPU
	EndGlobalSection
	GlobalSection(ProjectConfigurationPlatforms) = postSolution
		{745F827B-26FB-46DA-9C60-8CE6AC12FA32}.Debug|Any CPU.ActiveCfg = Debug|Any CPU
		{745F827B-26FB-46DA-9C60-8CE6AC12FA32}.Debug|Any CPU.Build.0 = Debug|Any CPU
		{745F827B-26FB-46DA-9C60-8CE6AC12FA32}.Release|Any CPU.ActiveCfg = Release|Any CPU
		{745F827B-26FB-46DA-9C60-8CE6AC12FA32}.Release|Any CPU.Build.0 = Release|Any CPU
	EndGlobalSection
	GlobalSection(SolutionProperties) = preSolution
		HideSolutionNode = FALSE
	EndGlobalSection
	GlobalSection(ExtensibilityGlobals) = postSolution
		SolutionGuid = {EE9A9CD0-0627-4767-B6DB-0B830D233AA3}
	EndGlobalSection
EndGlobal
